{
  "name": "academy-pow-main",
  "version": "1.0.0",
  "lockfileVersion": 3,
  "requires": true,
  "packages": {
    "": {
      "name": "academy-pow-main",
      "version": "1.0.0",
      "license": "ISC",
      "dependencies": {
        "@polkadot/keyring": "^13.2.3",
        "@polkadot/util": "^13.2.3",
        "@polkadot/wasm-crypto": "^7.4.1"
      }
    },
    "node_modules/@noble/curves": {
      "version": "1.7.0",
      "resolved": "https://registry.npmjs.org/@noble/curves/-/curves-1.7.0.tgz",
      "integrity": "sha512-UTMhXK9SeDhFJVrHeUJ5uZlI6ajXg10O6Ddocf9S6GjbSBVZsJo88HzKwXznNfGpMTRDyJkqMjNDPYgf0qFWnw==",
      "license": "MIT",
      "dependencies": {
        "@noble/hashes": "1.6.0"
      },
      "engines": {
        "node": "^14.21.3 || >=16"
      },
      "funding": {
        "url": "https://paulmillr.com/funding/"
      }
    },
    "node_modules/@noble/curves/node_modules/@noble/hashes": {
      "version": "1.6.0",
      "resolved": "https://registry.npmjs.org/@noble/hashes/-/hashes-1.6.0.tgz",
      "integrity": "sha512-YUULf0Uk4/mAA89w+k3+yUYh6NrEvxZa5T6SY3wlMvE2chHkxFUUIDI8/XW1QSC357iA5pSnqt7XEhvFOqmDyQ==",
      "license": "MIT",
      "engines": {
        "node": "^14.21.3 || >=16"
      },
      "funding": {
        "url": "https://paulmillr.com/funding/"
      }
    },
    "node_modules/@noble/hashes": {
      "version": "1.6.1",
      "resolved": "https://registry.npmjs.org/@noble/hashes/-/hashes-1.6.1.tgz",
      "integrity": "sha512-pq5D8h10hHBjyqX+cfBm0i8JUXJ0UhczFc4r74zbuT9XgewFo2E3J1cOaGtdZynILNmQ685YWGzGE1Zv6io50w==",
      "license": "MIT",
      "engines": {
        "node": "^14.21.3 || >=16"
      },
      "funding": {
        "url": "https://paulmillr.com/funding/"
      }
    },
    "node_modules/@polkadot/keyring": {
      "version": "13.2.3",
      "resolved": "https://registry.npmjs.org/@polkadot/keyring/-/keyring-13.2.3.tgz",
      "integrity": "sha512-pgTo6DXNXub0wGD+MnVHYhKxf80Jl+QMOCb818ioGdXz++Uw4mTueFAwtB+N7TGo0HafhChUiNJDxFdlDkcAng==",
      "license": "Apache-2.0",
      "dependencies": {
        "@polkadot/util": "13.2.3",
        "@polkadot/util-crypto": "13.2.3",
        "tslib": "^2.8.0"
      },
      "engines": {
        "node": ">=18"
      },
      "peerDependencies": {
        "@polkadot/util": "13.2.3",
        "@polkadot/util-crypto": "13.2.3"
      }
    },
    "node_modules/@polkadot/networks": {
      "version": "13.2.3",
      "resolved": "https://registry.npmjs.org/@polkadot/networks/-/networks-13.2.3.tgz",
      "integrity": "sha512-mG+zkXg/33AyPrkv2xBbAo3LBUwOwBn6qznBU/4jxiZPnVvCwMaxE7xHM22B5riItbNJ169FXv3wy0v6ZmkFbw==",
      "license": "Apache-2.0",
      "dependencies": {
        "@polkadot/util": "13.2.3",
        "@substrate/ss58-registry": "^1.51.0",
        "tslib": "^2.8.0"
      },
      "engines": {
        "node": ">=18"
      }
    },
    "node_modules/@polkadot/util": {
      "version": "13.2.3",
      "resolved": "https://registry.npmjs.org/@polkadot/util/-/util-13.2.3.tgz",
      "integrity": "sha512-pioNnsig3qHXrfOKMe4Yqos8B8N3/EZUpS+WfTpWnn1VjYban/0GrTXeavPlAwggnY27b8fS6rBzQBhnVYDw8g==",
      "license": "Apache-2.0",
      "dependencies": {
        "@polkadot/x-bigint": "13.2.3",
        "@polkadot/x-global": "13.2.3",
        "@polkadot/x-textdecoder": "13.2.3",
        "@polkadot/x-textencoder": "13.2.3",
        "@types/bn.js": "^5.1.6",
        "bn.js": "^5.2.1",
        "tslib": "^2.8.0"
      },
      "engines": {
        "node": ">=18"
      }
    },
    "node_modules/@polkadot/util-crypto": {
      "version": "13.2.3",
      "resolved": "https://registry.npmjs.org/@polkadot/util-crypto/-/util-crypto-13.2.3.tgz",
      "integrity": "sha512-5sbggmLbn5eiuVMyPROPlT5roHRqdKHOfSpioNbGvGIZ1qIWVoC1RfsK0NWJOVGDzy6DpQe0KYT/kgcU5Xsrzw==",
      "license": "Apache-2.0",
      "dependencies": {
        "@noble/curves": "^1.3.0",
        "@noble/hashes": "^1.3.3",
        "@polkadot/networks": "13.2.3",
        "@polkadot/util": "13.2.3",
        "@polkadot/wasm-crypto": "^7.4.1",
        "@polkadot/wasm-util": "^7.4.1",
        "@polkadot/x-bigint": "13.2.3",
        "@polkadot/x-randomvalues": "13.2.3",
        "@scure/base": "^1.1.7",
        "tslib": "^2.8.0"
      },
      "engines": {
        "node": ">=18"
      },
      "peerDependencies": {
        "@polkadot/util": "13.2.3"
      }
    },
    "node_modules/@polkadot/wasm-bridge": {
      "version": "7.4.1",
      "resolved": "https://registry.npmjs.org/@polkadot/wasm-bridge/-/wasm-bridge-7.4.1.tgz",
      "integrity": "sha512-tdkJaV453tezBxhF39r4oeG0A39sPKGDJmN81LYLf+Fihb7astzwju+u75BRmDrHZjZIv00un3razJEWCxze6g==",
      "license": "Apache-2.0",
      "dependencies": {
        "@polkadot/wasm-util": "7.4.1",
        "tslib": "^2.7.0"
      },
      "engines": {
        "node": ">=18"
      },
      "peerDependencies": {
        "@polkadot/util": "*",
        "@polkadot/x-randomvalues": "*"
      }
    },
    "node_modules/@polkadot/wasm-crypto": {
      "version": "7.4.1",
      "resolved": "https://registry.npmjs.org/@polkadot/wasm-crypto/-/wasm-crypto-7.4.1.tgz",
      "integrity": "sha512-kHN/kF7hYxm1y0WeFLWeWir6oTzvcFmR4N8fJJokR+ajYbdmrafPN+6iLgQVbhZnDdxyv9jWDuRRsDnBx8tPMQ==",
      "license": "Apache-2.0",
      "dependencies": {
        "@polkadot/wasm-bridge": "7.4.1",
        "@polkadot/wasm-crypto-asmjs": "7.4.1",
        "@polkadot/wasm-crypto-init": "7.4.1",
        "@polkadot/wasm-crypto-wasm": "7.4.1",
        "@polkadot/wasm-util": "7.4.1",
        "tslib": "^2.7.0"
      },
      "engines": {
        "node": ">=18"
      },
      "peerDependencies": {
        "@polkadot/util": "*",
        "@polkadot/x-randomvalues": "*"
      }
    },
    "node_modules/@polkadot/wasm-crypto-asmjs": {
      "version": "7.4.1",
      "resolved": "https://registry.npmjs.org/@polkadot/wasm-crypto-asmjs/-/wasm-crypto-asmjs-7.4.1.tgz",
      "integrity": "sha512-pwU8QXhUW7IberyHJIQr37IhbB6DPkCG5FhozCiNTq4vFBsFPjm9q8aZh7oX1QHQaiAZa2m2/VjIVE+FHGbvHQ==",
      "license": "Apache-2.0",
      "dependencies": {
        "tslib": "^2.7.0"
      },
      "engines": {
        "node": ">=18"
      },
      "peerDependencies": {
        "@polkadot/util": "*"
      }
    },
    "node_modules/@polkadot/wasm-crypto-init": {
      "version": "7.4.1",
      "resolved": "https://registry.npmjs.org/@polkadot/wasm-crypto-init/-/wasm-crypto-init-7.4.1.tgz",
      "integrity": "sha512-AVka33+f7MvXEEIGq5U0dhaA2SaXMXnxVCQyhJTaCnJ5bRDj0Xlm3ijwDEQUiaDql7EikbkkRtmlvs95eSUWYQ==",
      "license": "Apache-2.0",
      "dependencies": {
        "@polkadot/wasm-bridge": "7.4.1",
        "@polkadot/wasm-crypto-asmjs": "7.4.1",
        "@polkadot/wasm-crypto-wasm": "7.4.1",
        "@polkadot/wasm-util": "7.4.1",
        "tslib": "^2.7.0"
      },
      "engines": {
        "node": ">=18"
      },
      "peerDependencies": {
        "@polkadot/util": "*",
        "@polkadot/x-randomvalues": "*"
      }
    },
    "node_modules/@polkadot/wasm-crypto-wasm": {
      "version": "7.4.1",
      "resolved": "https://registry.npmjs.org/@polkadot/wasm-crypto-wasm/-/wasm-crypto-wasm-7.4.1.tgz",
      "integrity": "sha512-PE1OAoupFR0ZOV2O8tr7D1FEUAwaggzxtfs3Aa5gr+yxlSOaWUKeqsOYe1KdrcjmZVV3iINEAXxgrbzCmiuONg==",
      "license": "Apache-2.0",
      "dependencies": {
        "@polkadot/wasm-util": "7.4.1",
        "tslib": "^2.7.0"
      },
      "engines": {
        "node": ">=18"
      },
      "peerDependencies": {
        "@polkadot/util": "*"
      }
    },
    "node_modules/@polkadot/wasm-util": {
      "version": "7.4.1",
      "resolved": "https://registry.npmjs.org/@polkadot/wasm-util/-/wasm-util-7.4.1.tgz",
      "integrity": "sha512-RAcxNFf3zzpkr+LX/ItAsvj+QyM56TomJ0xjUMo4wKkHjwsxkz4dWJtx5knIgQz/OthqSDMR59VNEycQeNuXzA==",
      "license": "Apache-2.0",
      "dependencies": {
        "tslib": "^2.7.0"
      },
      "engines": {
        "node": ">=18"
      },
      "peerDependencies": {
        "@polkadot/util": "*"
      }
    },
    "node_modules/@polkadot/x-bigint": {
      "version": "13.2.3",
      "license": "Apache-2.0",
      "dependencies": {
        "@polkadot/x-global": "13.2.3",
        "tslib": "^2.8.0"
      },
      "engines": {
        "node": ">=18"
      }
    },
    "node_modules/@polkadot/x-global": {
      "version": "13.2.3",
      "license": "Apache-2.0",
      "dependencies": {
        "tslib": "^2.8.0"
      },
      "engines": {
        "node": ">=18"
      }
    },
    "node_modules/@polkadot/x-randomvalues": {
      "version": "13.2.3",
      "resolved": "https://registry.npmjs.org/@polkadot/x-randomvalues/-/x-randomvalues-13.2.3.tgz",
      "integrity": "sha512-Zf0GTfLmVk+VzPUmcQSpXjjmFzMTjPhXoLuIoE7xIu73T+vQ+TX9j7DvorN6bIRsnZ9l1SyTZsSf/NTjNZKIZg==",
      "license": "Apache-2.0",
      "dependencies": {
        "@polkadot/x-global": "13.2.3",
        "tslib": "^2.8.0"
      },
      "engines": {
        "node": ">=18"
      },
      "peerDependencies": {
        "@polkadot/util": "13.2.3",
        "@polkadot/wasm-util": "*"
      }
    },
    "node_modules/@polkadot/x-textdecoder": {
      "version": "13.2.3",
      "license": "Apache-2.0",
      "dependencies": {
        "@polkadot/x-global": "13.2.3",
        "tslib": "^2.8.0"
      },
      "engines": {
        "node": ">=18"
      }
    },
    "node_modules/@polkadot/x-textencoder": {
      "version": "13.2.3",
      "license": "Apache-2.0",
      "dependencies": {
        "@polkadot/x-global": "13.2.3",
        "tslib": "^2.8.0"
      },
      "engines": {
        "node": ">=18"
      }
    },
    "node_modules/@scure/base": {
      "version": "1.2.1",
      "resolved": "https://registry.npmjs.org/@scure/base/-/base-1.2.1.tgz",
      "integrity": "sha512-DGmGtC8Tt63J5GfHgfl5CuAXh96VF/LD8K9Hr/Gv0J2lAoRGlPOMpqMpMbCTOoOJMZCk2Xt+DskdDyn6dEFdzQ==",
      "license": "MIT",
      "funding": {
        "url": "https://paulmillr.com/funding/"
      }
    },
    "node_modules/@substrate/ss58-registry": {
      "version": "1.51.0",
      "resolved": "https://registry.npmjs.org/@substrate/ss58-registry/-/ss58-registry-1.51.0.tgz",
      "integrity": "sha512-TWDurLiPxndFgKjVavCniytBIw+t4ViOi7TYp9h/D0NMmkEc9klFTo+827eyEJ0lELpqO207Ey7uGxUa+BS1jQ==",
      "license": "Apache-2.0"
    },
    "node_modules/@types/bn.js": {
      "version": "5.1.6",
      "license": "MIT",
      "dependencies": {
        "@types/node": "*"
      }
    },
    "node_modules/@types/node": {
      "version": "22.10.3",
      "license": "MIT",
      "dependencies": {
        "undici-types": "~6.20.0"
      }
    },
    "node_modules/bn.js": {
      "version": "5.2.1",
      "license": "MIT"
    },
    "node_modules/tslib": {
      "version": "2.8.1",
      "license": "0BSD"
    },
    "node_modules/undici-types": {
      "version": "6.20.0",
      "license": "MIT"
    }
  }
}
